// !$*UTF8*$!
{
	archiveVersion = 1;
	classes = {
	};
	objectVersion = 46;
	objects = {

/* Begin PBXBuildFile section */
		8768DF131E473D1A009B7760 /* AppDelegate.swift in Sources */ = {isa = PBXBuildFile; fileRef = 8768DF121E473D1A009B7760 /* AppDelegate.swift */; };
		8768DF151E473D1A009B7760 /* ViewController.swift in Sources */ = {isa = PBXBuildFile; fileRef = 8768DF141E473D1A009B7760 /* ViewController.swift */; };
		8768DF181E473D1A009B7760 /* Main.storyboard in Resources */ = {isa = PBXBuildFile; fileRef = 8768DF161E473D1A009B7760 /* Main.storyboard */; };
		8768DF1A1E473D1A009B7760 /* Assets.xcassets in Resources */ = {isa = PBXBuildFile; fileRef = 8768DF191E473D1A009B7760 /* Assets.xcassets */; };
		8768DF1D1E473D1A009B7760 /* LaunchScreen.storyboard in Resources */ = {isa = PBXBuildFile; fileRef = 8768DF1B1E473D1A009B7760 /* LaunchScreen.storyboard */; };
		8768DF281E473D1A009B7760 /* SaveTheKittensExceptTheHairlessOnesTests.swift in Sources */ = {isa = PBXBuildFile; fileRef = 8768DF271E473D1A009B7760 /* SaveTheKittensExceptTheHairlessOnesTests.swift */; };
		8768DF331E473D1A009B7760 /* SaveTheKittensExceptTheHairlessOnesUITests.swift in Sources */ = {isa = PBXBuildFile; fileRef = 8768DF321E473D1A009B7760 /* SaveTheKittensExceptTheHairlessOnesUITests.swift */; };
/* End PBXBuildFile section */

/* Begin PBXContainerItemProxy section */
		8768DF241E473D1A009B7760 /* PBXContainerItemProxy */ = {
			isa = PBXContainerItemProxy;
			containerPortal = 8768DF071E473D1A009B7760 /* Project object */;
			proxyType = 1;
			remoteGlobalIDString = 8768DF0E1E473D1A009B7760;
			remoteInfo = SaveTheKittensExceptTheHairlessOnes;
		};
		8768DF2F1E473D1A009B7760 /* PBXContainerItemProxy */ = {
			isa = PBXContainerItemProxy;
			containerPortal = 8768DF071E473D1A009B7760 /* Project object */;
			proxyType = 1;
			remoteGlobalIDString = 8768DF0E1E473D1A009B7760;
			remoteInfo = SaveTheKittensExceptTheHairlessOnes;
		};
/* End PBXContainerItemProxy section */

/* Begin PBXFileReference section */
		8768DF0F1E473D1A009B7760 /* SaveTheKittensExceptTheHairlessOnes.app */ = {isa = PBXFileReference; explicitFileType = wrapper.application; includeInIndex = 0; path = SaveTheKittensExceptTheHairlessOnes.app; sourceTree = BUILT_PRODUCTS_DIR; };
		8768DF121E473D1A009B7760 /* AppDelegate.swift */ = {isa = PBXFileReference; lastKnownFileType = sourcecode.swift; path = AppDelegate.swift; sourceTree = "<group>"; };
		8768DF141E473D1A009B7760 /* ViewController.swift */ = {isa = PBXFileReference; lastKnownFileType = sourcecode.swift; path = ViewController.swift; sourceTree = "<group>"; };
		8768DF171E473D1A009B7760 /* Base */ = {isa = PBXFileReference; lastKnownFileType = file.storyboard; name = Base; path = Base.lproj/Main.storyboard; sourceTree = "<group>"; };
		8768DF191E473D1A009B7760 /* Assets.xcassets */ = {isa = PBXFileReference; lastKnownFileType = folder.assetcatalog; path = Assets.xcassets; sourceTree = "<group>"; };
		8768DF1C1E473D1A009B7760 /* Base */ = {isa = PBXFileReference; lastKnownFileType = file.storyboard; name = Base; path = Base.lproj/LaunchScreen.storyboard; sourceTree = "<group>"; };
		8768DF1E1E473D1A009B7760 /* Info.plist */ = {isa = PBXFileReference; lastKnownFileType = text.plist.xml; path = Info.plist; sourceTree = "<group>"; };
		8768DF231E473D1A009B7760 /* SaveTheKittensExceptTheHairlessOnesTests.xctest */ = {isa = PBXFileReference; explicitFileType = wrapper.cfbundle; includeInIndex = 0; path = SaveTheKittensExceptTheHairlessOnesTests.xctest; sourceTree = BUILT_PRODUCTS_DIR; };
		8768DF271E473D1A009B7760 /* SaveTheKittensExceptTheHairlessOnesTests.swift */ = {isa = PBXFileReference; lastKnownFileType = sourcecode.swift; path = SaveTheKittensExceptTheHairlessOnesTests.swift; sourceTree = "<group>"; };
		8768DF291E473D1A009B7760 /* Info.plist */ = {isa = PBXFileReference; lastKnownFileType = text.plist.xml; path = Info.plist; sourceTree = "<group>"; };
		8768DF2E1E473D1A009B7760 /* SaveTheKittensExceptTheHairlessOnesUITests.xctest */ = {isa = PBXFileReference; explicitFileType = wrapper.cfbundle; includeInIndex = 0; path = SaveTheKittensExceptTheHairlessOnesUITests.xctest; sourceTree = BUILT_PRODUCTS_DIR; };
		8768DF321E473D1A009B7760 /* SaveTheKittensExceptTheHairlessOnesUITests.swift */ = {isa = PBXFileReference; lastKnownFileType = sourcecode.swift; path = SaveTheKittensExceptTheHairlessOnesUITests.swift; sourceTree = "<group>"; };
		8768DF341E473D1A009B7760 /* Info.plist */ = {isa = PBXFileReference; lastKnownFileType = text.plist.xml; path = Info.plist; sourceTree = "<group>"; };
/* End PBXFileReference section */

/* Begin PBXFrameworksBuildPhase section */
		8768DF0C1E473D1A009B7760 /* Frameworks */ = {
			isa = PBXFrameworksBuildPhase;
			buildActionMask = 2147483647;
			files = (
			);
			runOnlyForDeploymentPostprocessing = 0;
		};
		8768DF201E473D1A009B7760 /* Frameworks */ = {
			isa = PBXFrameworksBuildPhase;
			buildActionMask = 2147483647;
			files = (
			);
			runOnlyForDeploymentPostprocessing = 0;
		};
		8768DF2B1E473D1A009B7760 /* Frameworks */ = {
			isa = PBXFrameworksBuildPhase;
			buildActionMask = 2147483647;
			files = (
			);
			runOnlyForDeploymentPostprocessing = 0;
		};
/* End PBXFrameworksBuildPhase section */

/* Begin PBXGroup section */
		8768DF061E473D1A009B7760 = {
			isa = PBXGroup;
			children = (
				8768DF111E473D1A009B7760 /* SaveTheKittensExceptTheHairlessOnes */,
				8768DF261E473D1A009B7760 /* SaveTheKittensExceptTheHairlessOnesTests */,
				8768DF311E473D1A009B7760 /* SaveTheKittensExceptTheHairlessOnesUITests */,
				8768DF101E473D1A009B7760 /* Products */,
			);
			sourceTree = "<group>";
		};
		8768DF101E473D1A009B7760 /* Products */ = {
			isa = PBXGroup;
			children = (
				8768DF0F1E473D1A009B7760 /* SaveTheKittensExceptTheHairlessOnes.app */,
				8768DF231E473D1A009B7760 /* SaveTheKittensExceptTheHairlessOnesTests.xctest */,
				8768DF2E1E473D1A009B7760 /* SaveTheKittensExceptTheHairlessOnesUITests.xctest */,
			);
			name = Products;
			sourceTree = "<group>";
		};
		8768DF111E473D1A009B7760 /* SaveTheKittensExceptTheHairlessOnes */ = {
			isa = PBXGroup;
			children = (
				8768DF121E473D1A009B7760 /* AppDelegate.swift */,
				8768DF141E473D1A009B7760 /* ViewController.swift */,
				8768DF161E473D1A009B7760 /* Main.storyboard */,
				8768DF191E473D1A009B7760 /* Assets.xcassets */,
				8768DF1B1E473D1A009B7760 /* LaunchScreen.storyboard */,
				8768DF1E1E473D1A009B7760 /* Info.plist */,
			);
			path = SaveTheKittensExceptTheHairlessOnes;
			sourceTree = "<group>";
		};
		8768DF261E473D1A009B7760 /* SaveTheKittensExceptTheHairlessOnesTests */ = {
			isa = PBXGroup;
			children = (
				8768DF271E473D1A009B7760 /* SaveTheKittensExceptTheHairlessOnesTests.swift */,
				8768DF291E473D1A009B7760 /* Info.plist */,
			);
			path = SaveTheKittensExceptTheHairlessOnesTests;
			sourceTree = "<group>";
		};
		8768DF311E473D1A009B7760 /* SaveTheKittensExceptTheHairlessOnesUITests */ = {
			isa = PBXGroup;
			children = (
				8768DF321E473D1A009B7760 /* SaveTheKittensExceptTheHairlessOnesUITests.swift */,
				8768DF341E473D1A009B7760 /* Info.plist */,
			);
			path = SaveTheKittensExceptTheHairlessOnesUITests;
			sourceTree = "<group>";
		};
/* End PBXGroup section */

/* Begin PBXNativeTarget section */
		8768DF0E1E473D1A009B7760 /* SaveTheKittensExceptTheHairlessOnes */ = {
			isa = PBXNativeTarget;
			buildConfigurationList = 8768DF371E473D1A009B7760 /* Build configuration list for PBXNativeTarget "SaveTheKittensExceptTheHairlessOnes" */;
			buildPhases = (
				8768DF0B1E473D1A009B7760 /* Sources */,
				8768DF0C1E473D1A009B7760 /* Frameworks */,
				8768DF0D1E473D1A009B7760 /* Resources */,
			);
			buildRules = (
			);
			dependencies = (
			);
			name = SaveTheKittensExceptTheHairlessOnes;
			productName = SaveTheKittensExceptTheHairlessOnes;
			productReference = 8768DF0F1E473D1A009B7760 /* SaveTheKittensExceptTheHairlessOnes.app */;
			productType = "com.apple.product-type.application";
		};
		8768DF221E473D1A009B7760 /* SaveTheKittensExceptTheHairlessOnesTests */ = {
			isa = PBXNativeTarget;
			buildConfigurationList = 8768DF3A1E473D1A009B7760 /* Build configuration list for PBXNativeTarget "SaveTheKittensExceptTheHairlessOnesTests" */;
			buildPhases = (
				8768DF1F1E473D1A009B7760 /* Sources */,
				8768DF201E473D1A009B7760 /* Frameworks */,
				8768DF211E473D1A009B7760 /* Resources */,
			);
			buildRules = (
			);
			dependencies = (
				8768DF251E473D1A009B7760 /* PBXTargetDependency */,
			);
			name = SaveTheKittensExceptTheHairlessOnesTests;
			productName = SaveTheKittensExceptTheHairlessOnesTests;
			productReference = 8768DF231E473D1A009B7760 /* SaveTheKittensExceptTheHairlessOnesTests.xctest */;
			productType = "com.apple.product-type.bundle.unit-test";
		};
		8768DF2D1E473D1A009B7760 /* SaveTheKittensExceptTheHairlessOnesUITests */ = {
			isa = PBXNativeTarget;
			buildConfigurationList = 8768DF3D1E473D1A009B7760 /* Build configuration list for PBXNativeTarget "SaveTheKittensExceptTheHairlessOnesUITests" */;
			buildPhases = (
				8768DF2A1E473D1A009B7760 /* Sources */,
				8768DF2B1E473D1A009B7760 /* Frameworks */,
				8768DF2C1E473D1A009B7760 /* Resources */,
			);
			buildRules = (
			);
			dependencies = (
				8768DF301E473D1A009B7760 /* PBXTargetDependency */,
			);
			name = SaveTheKittensExceptTheHairlessOnesUITests;
			productName = SaveTheKittensExceptTheHairlessOnesUITests;
			productReference = 8768DF2E1E473D1A009B7760 /* SaveTheKittensExceptTheHairlessOnesUITests.xctest */;
			productType = "com.apple.product-type.bundle.ui-testing";
		};
/* End PBXNativeTarget section */

/* Begin PBXProject section */
		8768DF071E473D1A009B7760 /* Project object */ = {
			isa = PBXProject;
			attributes = {
				LastSwiftUpdateCheck = 0810;
				LastUpgradeCheck = 0810;
				ORGANIZATIONNAME = Parametric;
				TargetAttributes = {
					8768DF0E1E473D1A009B7760 = {
						CreatedOnToolsVersion = 8.1;
						DevelopmentTeam = JKH62TXL94;
						ProvisioningStyle = Automatic;
					};
					8768DF221E473D1A009B7760 = {
						CreatedOnToolsVersion = 8.1;
						DevelopmentTeam = JKH62TXL94;
						ProvisioningStyle = Automatic;
						TestTargetID = 8768DF0E1E473D1A009B7760;
					};
					8768DF2D1E473D1A009B7760 = {
						CreatedOnToolsVersion = 8.1;
						DevelopmentTeam = JKH62TXL94;
						ProvisioningStyle = Automatic;
						TestTargetID = 8768DF0E1E473D1A009B7760;
					};
				};
			};
			buildConfigurationList = 8768DF0A1E473D1A009B7760 /* Build configuration list for PBXProject "SaveTheKittensExceptTheHairlessOnes" */;
			compatibilityVersion = "Xcode 3.2";
			developmentRegion = English;
			hasScannedForEncodings = 0;
			knownRegions = (
				en,
				Base,
			);
			mainGroup = 8768DF061E473D1A009B7760;
			productRefGroup = 8768DF101E473D1A009B7760 /* Products */;
			projectDirPath = "";
			projectRoot = "";
			targets = (
				8768DF0E1E473D1A009B7760 /* SaveTheKittensExceptTheHairlessOnes */,
				8768DF221E473D1A009B7760 /* SaveTheKittensExceptTheHairlessOnesTests */,
				8768DF2D1E473D1A009B7760 /* SaveTheKittensExceptTheHairlessOnesUITests */,
			);
		};
/* End PBXProject section */

/* Begin PBXResourcesBuildPhase section */
		8768DF0D1E473D1A009B7760 /* Resources */ = {
			isa = PBXResourcesBuildPhase;
			buildActionMask = 2147483647;
			files = (
				8768DF1D1E473D1A009B7760 /* LaunchScreen.storyboard in Resources */,
				8768DF1A1E473D1A009B7760 /* Assets.xcassets in Resources */,
				8768DF181E473D1A009B7760 /* Main.storyboard in Resources */,
			);
			runOnlyForDeploymentPostprocessing = 0;
		};
		8768DF211E473D1A009B7760 /* Resources */ = {
			isa = PBXResourcesBuildPhase;
			buildActionMask = 2147483647;
			files = (
			);
			runOnlyForDeploymentPostprocessing = 0;
		};
		8768DF2C1E473D1A009B7760 /* Resources */ = {
			isa = PBXResourcesBuildPhase;
			buildActionMask = 2147483647;
			files = (
			);
			runOnlyForDeploymentPostprocessing = 0;
		};
/* End PBXResourcesBuildPhase section */

/* Begin PBXSourcesBuildPhase section */
		8768DF0B1E473D1A009B7760 /* Sources */ = {
			isa = PBXSourcesBuildPhase;
			buildActionMask = 2147483647;
			files = (
				8768DF151E473D1A009B7760 /* ViewController.swift in Sources */,
				8768DF131E473D1A009B7760 /* AppDelegate.swift in Sources */,
			);
			runOnlyForDeploymentPostprocessing = 0;
		};
		8768DF1F1E473D1A009B7760 /* Sources */ = {
			isa = PBXSourcesBuildPhase;
			buildActionMask = 2147483647;
			files = (
				8768DF281E473D1A009B7760 /* SaveTheKittensExceptTheHairlessOnesTests.swift in Sources */,
			);
			runOnlyForDeploymentPostprocessing = 0;
		};
		8768DF2A1E473D1A009B7760 /* Sources */ = {
			isa = PBXSourcesBuildPhase;
			buildActionMask = 2147483647;
			files = (
				8768DF331E473D1A009B7760 /* SaveTheKittensExceptTheHairlessOnesUITests.swift in Sources */,
			);
			runOnlyForDeploymentPostprocessing = 0;
		};
/* End PBXSourcesBuildPhase section */

/* Begin PBXTargetDependency section */
		8768DF251E473D1A009B7760 /* PBXTargetDependency */ = {
			isa = PBXTargetDependency;
			target = 8768DF0E1E473D1A009B7760 /* SaveTheKittensExceptTheHairlessOnes */;
			targetProxy = 8768DF241E473D1A009B7760 /* PBXContainerItemProxy */;
		};
		8768DF301E473D1A009B7760 /* PBXTargetDependency */ = {
			isa = PBXTargetDependency;
			target = 8768DF0E1E473D1A009B7760 /* SaveTheKittensExceptTheHairlessOnes */;
			targetProxy = 8768DF2F1E473D1A009B7760 /* PBXContainerItemProxy */;
		};
/* End PBXTargetDependency section */

/* Begin PBXVariantGroup section */
		8768DF161E473D1A009B7760 /* Main.storyboard */ = {
			isa = PBXVariantGroup;
			children = (
				8768DF171E473D1A009B7760 /* Base */,
			);
			name = Main.storyboard;
			sourceTree = "<group>";
		};
		8768DF1B1E473D1A009B7760 /* LaunchScreen.storyboard */ = {
			isa = PBXVariantGroup;
			children = (
				8768DF1C1E473D1A009B7760 /* Base */,
			);
			name = LaunchScreen.storyboard;
			sourceTree = "<group>";
		};
/* End PBXVariantGroup section */

/* Begin XCBuildConfiguration section */
		8768DF351E473D1A009B7760 /* Debug */ = {
			isa = XCBuildConfiguration;
			buildSettings = {
				ALWAYS_SEARCH_USER_PATHS = NO;
				CLANG_ANALYZER_NONNULL = YES;
				CLANG_CXX_LANGUAGE_STANDARD = "gnu++0x";
				CLANG_CXX_LIBRARY = "libc++";
				CLANG_ENABLE_MODULES = YES;
				CLANG_ENABLE_OBJC_ARC = YES;
				CLANG_WARN_BOOL_CONVERSION = YES;
				CLANG_WARN_CONSTANT_CONVERSION = YES;
				CLANG_WARN_DIRECT_OBJC_ISA_USAGE = YES_ERROR;
				CLANG_WARN_DOCUMENTATION_COMMENTS = YES;
				CLANG_WARN_EMPTY_BODY = YES;
				CLANG_WARN_ENUM_CONVERSION = YES;
				CLANG_WARN_INFINITE_RECURSION = YES;
				CLANG_WARN_INT_CONVERSION = YES;
				CLANG_WARN_OBJC_ROOT_CLASS = YES_ERROR;
				CLANG_WARN_SUSPICIOUS_MOVES = YES;
				CLANG_WARN_UNREACHABLE_CODE = YES;
				CLANG_WARN__DUPLICATE_METHOD_MATCH = YES;
				"CODE_SIGN_IDENTITY[sdk=iphoneos*]" = "iPhone Developer";
				COPY_PHASE_STRIP = NO;
				DEBUG_INFORMATION_FORMAT = dwarf;
				ENABLE_STRICT_OBJC_MSGSEND = YES;
				ENABLE_TESTABILITY = YES;
				GCC_C_LANGUAGE_STANDARD = gnu99;
				GCC_DYNAMIC_NO_PIC = NO;
				GCC_NO_COMMON_BLOCKS = YES;
				GCC_OPTIMIZATION_LEVEL = 0;
				GCC_PREPROCESSOR_DEFINITIONS = (
					"DEBUG=1",
					"$(inherited)",
				);
				GCC_WARN_64_TO_32_BIT_CONVERSION = YES;
				GCC_WARN_ABOUT_RETURN_TYPE = YES_ERROR;
				GCC_WARN_UNDECLARED_SELECTOR = YES;
				GCC_WARN_UNINITIALIZED_AUTOS = YES_AGGRESSIVE;
				GCC_WARN_UNUSED_FUNCTION = YES;
				GCC_WARN_UNUSED_VARIABLE = YES;
				IPHONEOS_DEPLOYMENT_TARGET = 10.1;
				MTL_ENABLE_DEBUG_INFO = YES;
				ONLY_ACTIVE_ARCH = YES;
				SDKROOT = iphoneos;
				SWIFT_ACTIVE_COMPILATION_CONDITIONS = DEBUG;
				SWIFT_OPTIMIZATION_LEVEL = "-Onone";
				TARGETED_DEVICE_FAMILY = "1,2";
			};
			name = Debug;
		};
		8768DF361E473D1A009B7760 /* Release */ = {
			isa = XCBuildConfiguration;
			buildSettings = {
				ALWAYS_SEARCH_USER_PATHS = NO;
				CLANG_ANALYZER_NONNULL = YES;
				CLANG_CXX_LANGUAGE_STANDARD = "gnu++0x";
				CLANG_CXX_LIBRARY = "libc++";
				CLANG_ENABLE_MODULES = YES;
				CLANG_ENABLE_OBJC_ARC = YES;
				CLANG_WARN_BOOL_CONVERSION = YES;
				CLANG_WARN_CONSTANT_CONVERSION = YES;
				CLANG_WARN_DIRECT_OBJC_ISA_USAGE = YES_ERROR;
				CLANG_WARN_DOCUMENTATION_COMMENTS = YES;
				CLANG_WARN_EMPTY_BODY = YES;
				CLANG_WARN_ENUM_CONVERSION = YES;
				CLANG_WARN_INFINITE_RECURSION = YES;
				CLANG_WARN_INT_CONVERSION = YES;
				CLANG_WARN_OBJC_ROOT_CLASS = YES_ERROR;
				CLANG_WARN_SUSPICIOUS_MOVES = YES;
				CLANG_WARN_UNREACHABLE_CODE = YES;
				CLANG_WARN__DUPLICATE_METHOD_MATCH = YES;
				"CODE_SIGN_IDENTITY[sdk=iphoneos*]" = "iPhone Developer";
				COPY_PHASE_STRIP = NO;
				DEBUG_INFORMATION_FORMAT = "dwarf-with-dsym";
				ENABLE_NS_ASSERTIONS = NO;
				ENABLE_STRICT_OBJC_MSGSEND = YES;
				GCC_C_LANGUAGE_STANDARD = gnu99;
				GCC_NO_COMMON_BLOCKS = YES;
				GCC_WARN_64_TO_32_BIT_CONVERSION = YES;
				GCC_WARN_ABOUT_RETURN_TYPE = YES_ERROR;
				GCC_WARN_UNDECLARED_SELECTOR = YES;
				GCC_WARN_UNINITIALIZED_AUTOS = YES_AGGRESSIVE;
				GCC_WARN_UNUSED_FUNCTION = YES;
				GCC_WARN_UNUSED_VARIABLE = YES;
				IPHONEOS_DEPLOYMENT_TARGET = 10.1;
				MTL_ENABLE_DEBUG_INFO = NO;
				SDKROOT = iphoneos;
				SWIFT_OPTIMIZATION_LEVEL = "-Owholemodule";
				TARGETED_DEVICE_FAMILY = "1,2";
				VALIDATE_PRODUCT = YES;
			};
			name = Release;
		};
		8768DF381E473D1A009B7760 /* Debug */ = {
			isa = XCBuildConfiguration;
			buildSettings = {
				ASSETCATALOG_COMPILER_APPICON_NAME = AppIcon;
				DEVELOPMENT_TEAM = JKH62TXL94;
				INFOPLIST_FILE = SaveTheKittensExceptTheHairlessOnes/Info.plist;
				LD_RUNPATH_SEARCH_PATHS = "$(inherited) @executable_path/Frameworks";
				PRODUCT_BUNDLE_IDENTIFIER = HYTOM.SaveTheKittensExceptTheHairlessOnes;
				PRODUCT_NAME = "$(TARGET_NAME)";
				SWIFT_VERSION = 3.0;
			};
			name = Debug;
		};
		8768DF391E473D1A009B7760 /* Release */ = {
			isa = XCBuildConfiguration;
			buildSettings = {
				ASSETCATALOG_COMPILER_APPICON_NAME = AppIcon;
				DEVELOPMENT_TEAM = JKH62TXL94;
				INFOPLIST_FILE = SaveTheKittensExceptTheHairlessOnes/Info.plist;
				LD_RUNPATH_SEARCH_PATHS = "$(inherited) @executable_path/Frameworks";
				PRODUCT_BUNDLE_IDENTIFIER = HYTOM.SaveTheKittensExceptTheHairlessOnes;
				PRODUCT_NAME = "$(TARGET_NAME)";
				SWIFT_VERSION = 3.0;
			};
			name = Release;
		};
		8768DF3B1E473D1A009B7760 /* Debug */ = {
			isa = XCBuildConfiguration;
			buildSettings = {
				ALWAYS_EMBED_SWIFT_STANDARD_LIBRARIES = YES;
				BUNDLE_LOADER = "$(TEST_HOST)";
				DEVELOPMENT_TEAM = JKH62TXL94;
				INFOPLIST_FILE = SaveTheKittensExceptTheHairlessOnesTests/Info.plist;
				LD_RUNPATH_SEARCH_PATHS = "$(inherited) @executable_path/Frameworks @loader_path/Frameworks";
				PRODUCT_BUNDLE_IDENTIFIER = HYTOM.SaveTheKittensExceptTheHairlessOnesTests;
				PRODUCT_NAME = "$(TARGET_NAME)";
				SWIFT_VERSION = 3.0;
				TEST_HOST = "$(BUILT_PRODUCTS_DIR)/SaveTheKittensExceptTheHairlessOnes.app/SaveTheKittensExceptTheHairlessOnes";
			};
			name = Debug;
		};
		8768DF3C1E473D1A009B7760 /* Release */ = {
			isa = XCBuildConfiguration;
			buildSettings = {
				ALWAYS_EMBED_SWIFT_STANDARD_LIBRARIES = YES;
				BUNDLE_LOADER = "$(TEST_HOST)";
				DEVELOPMENT_TEAM = JKH62TXL94;
				INFOPLIST_FILE = SaveTheKittensExceptTheHairlessOnesTests/Info.plist;
				LD_RUNPATH_SEARCH_PATHS = "$(inherited) @executable_path/Frameworks @loader_path/Frameworks";
				PRODUCT_BUNDLE_IDENTIFIER = HYTOM.SaveTheKittensExceptTheHairlessOnesTests;
				PRODUCT_NAME = "$(TARGET_NAME)";
				SWIFT_VERSION = 3.0;
				TEST_HOST = "$(BUILT_PRODUCTS_DIR)/SaveTheKittensExceptTheHairlessOnes.app/SaveTheKittensExceptTheHairlessOnes";
			};
			name = Release;
		};
		8768DF3E1E473D1A009B7760 /* Debug */ = {
			isa = XCBuildConfiguration;
			buildSettings = {
				ALWAYS_EMBED_SWIFT_STANDARD_LIBRARIES = YES;
				DEVELOPMENT_TEAM = JKH62TXL94;
				INFOPLIST_FILE = SaveTheKittensExceptTheHairlessOnesUITests/Info.plist;
				LD_RUNPATH_SEARCH_PATHS = "$(inherited) @executable_path/Frameworks @loader_path/Frameworks";
				PRODUCT_BUNDLE_IDENTIFIER = HYTOM.SaveTheKittensExceptTheHairlessOnesUITests;
				PRODUCT_NAME = "$(TARGET_NAME)";
				SWIFT_VERSION = 3.0;
				TEST_TARGET_NAME = SaveTheKittensExceptTheHairlessOnes;
			};
			name = Debug;
		};
		8768DF3F1E473D1A009B7760 /* Release */ = {
			isa = XCBuildConfiguration;
			buildSettings = {
				ALWAYS_EMBED_SWIFT_STANDARD_LIBRARIES = YES;
				DEVELOPMENT_TEAM = JKH62TXL94;
				INFOPLIST_FILE = SaveTheKittensExceptTheHairlessOnesUITests/Info.plist;
				LD_RUNPATH_SEARCH_PATHS = "$(inherited) @executable_path/Frameworks @loader_path/Frameworks";
				PRODUCT_BUNDLE_IDENTIFIER = HYTOM.SaveTheKittensExceptTheHairlessOnesUITests;
				PRODUCT_NAME = "$(TARGET_NAME)";
				SWIFT_VERSION = 3.0;
				TEST_TARGET_NAME = SaveTheKittensExceptTheHairlessOnes;
			};
			name = Release;
		};
/* End XCBuildConfiguration section */

/* Begin XCConfigurationList section */
		8768DF0A1E473D1A009B7760 /* Build configuration list for PBXProject "SaveTheKittensExceptTheHairlessOnes" */ = {
			isa = XCConfigurationList;
			buildConfigurations = (
				8768DF351E473D1A009B7760 /* Debug */,
				8768DF361E473D1A009B7760 /* Release */,
			);
			defaultConfigurationIsVisible = 0;
			defaultConfigurationName = Release;
		};
		8768DF371E473D1A009B7760 /* Build configuration list for PBXNativeTarget "SaveTheKittensExceptTheHairlessOnes" */ = {
			isa = XCConfigurationList;
			buildConfigurations = (
				8768DF381E473D1A009B7760 /* Debug */,
				8768DF391E473D1A009B7760 /* Release */,
			);
			defaultConfigurationIsVisible = 0;
		};
		8768DF3A1E473D1A009B7760 /* Build configuration list for PBXNativeTarget "SaveTheKittensExceptTheHairlessOnesTests" */ = {
			isa = XCConfigurationList;
			buildConfigurations = (
				8768DF3B1E473D1A009B7760 /* Debug */,
				8768DF3C1E473D1A009B7760 /* Release */,
			);
			defaultConfigurationIsVisible = 0;
		};
		8768DF3D1E473D1A009B7760 /* Build configuration list for PBXNativeTarget "SaveTheKittensExceptTheHairlessOnesUITests" */ = {
			isa = XCConfigurationList;
			buildConfigurations = (
				8768DF3E1E473D1A009B7760 /* Debug */,
				8768DF3F1E473D1A009B7760 /* Release */,
			);
			defaultConfigurationIsVisible = 0;
		};
/* End XCConfigurationList section */
	};
	rootObject = 8768DF071E473D1A009B7760 /* Project object */;
}
